github.com/KarrenAeris/bank v1.0.0 h1:iI9DS+lcUot5TRYvOa4XAOUjXkqf4enIdJQVQLgOhrw=
github.com/KarrenAeris/bank v1.0.0/go.mod h1:MMG6eONJ5itTgR+/ZjDw4+1BS76A+YOtR55Kmsg7Km8=
github.com/KarrenAeris/bank/v2 v2.0.0 h1:VB4kuqzs53umqoE0qTua51X1DzFo4fNTPoa/LB/iWqY=
github.com/KarrenAeris/bank/v2 v2.0.0/go.mod h1:JernZuaBx4Hma+ih0D+DDSv+jDKZSyMlrmA7rKaaIPU=
